
Microsoft Visual Studio Solution File, Format Version 12.00
# Visual Studio Version 17
VisualStudioVersion = 17.4.33213.308
MinimumVisualStudioVersion = 10.0.40219.1
Project("{FAE04EC0-301F-11D3-BF4B-00C04F79EFBC}") = "NotePad", "NotePad\NotePad.csproj", "{B45A8A04-DC07-4969-A21C-7FEF6A35F710}"
EndProject
Global
	GlobalSection(SolutionConfigurationPlatforms) = preSolution
		Debug|Any CPU = Debug|Any CPU
		Release|Any CPU = Release|Any CPU
	EndGlobalSection
	GlobalSection(ProjectConfigurationPlatforms) = postSolution
		{B45A8A04-DC07-4969-A21C-7FEF6A35F710}.Debug|Any CPU.ActiveCfg = Debug|Any CPU
		{B45A8A04-DC07-4969-A21C-7FEF6A35F710}.Debug|Any CPU.Build.0 = Debug|Any CPU
		{B45A8A04-DC07-4969-A21C-7FEF6A35F710}.Release|Any CPU.ActiveCfg = Release|Any CPU
		{B45A8A04-DC07-4969-A21C-7FEF6A35F710}.Release|Any CPU.Build.0 = Release|Any CPU
	EndGlobalSection
	GlobalSection(SolutionProperties) = preSolution
		HideSolutionNode = FALSE
	EndGlobalSection
	GlobalSection(ExtensibilityGlobals) = postSolution
		SolutionGuid = {164C3400-B7B5-46E4-8458-AC63E256F70C}
	EndGlobalSection
EndGlobal
